
Microsoft Visual Studio Solution File, Format Version 12.00
# Visual Studio 15
VisualStudioVersion = 15.0.28307.106
MinimumVisualStudioVersion = 10.0.40219.1
Project("{9A19103F-16F7-4668-BE54-9A1E7A4F7556}") = "Leads.Services", "Leads.Service\Leads.Services.csproj", "{6FCF3DB5-8A2F-43B8-B1CB-AE2E7A211291}"
EndProject
Project("{9A19103F-16F7-4668-BE54-9A1E7A4F7556}") = "Leads.DbAdapter", "Leads.DbAdapter\Leads.DbAdapter.csproj", "{C2E47F0F-A9E8-4412-9E5D-678BFFCAD254}"
EndProject
Project("{9A19103F-16F7-4668-BE54-9A1E7A4F7556}") = "Leads.Models", "Leads.Models\Leads.Models.csproj", "{C17B0C04-628C-4C98-8E3E-DB1DF98661EA}"
EndProject
Project("{2150E333-8FDC-42A3-9474-1A3956D46DE8}") = "Database", "Database", "{47660711-D44C-4730-9BEB-22EE18603DA5}"
EndProject
Project("{9A19103F-16F7-4668-BE54-9A1E7A4F7556}") = "Leads.Database.File", "Leads.Database.File\Leads.Database.File.csproj", "{40895AB4-BEBB-4993-9B76-8CCCA1CA6905}"
EndProject
Project("{9A19103F-16F7-4668-BE54-9A1E7A4F7556}") = "Leads.Database.Static", "Leads.Database.Static\Leads.Database.Static.csproj", "{0A66BE01-D566-46B9-B784-906E523A7A43}"
EndProject
Project("{9A19103F-16F7-4668-BE54-9A1E7A4F7556}") = "Leads.WebApi", "Leads.WebApi\Leads.WebApi.csproj", "{91912D46-2A89-46E4-A6BC-4AA8D2789DE7}"
EndProject
Project("{9A19103F-16F7-4668-BE54-9A1E7A4F7556}") = "Leads.Database.Ef", "Leads.Database.Ef\Leads.Database.Ef.csproj", "{1145D28C-B4A2-4E70-8859-6F225ABB7888}"
EndProject
Project("{2150E333-8FDC-42A3-9474-1A3956D46DE8}") = "Tests", "Tests", "{9A68243F-1D5A-444C-9154-4B6AF1669161}"
EndProject
Project("{FAE04EC0-301F-11D3-BF4B-00C04F79EFBC}") = "Leads.WebApi.UnitTests", "Tests\Leads.WebApi.UnitTests\Leads.WebApi.UnitTests.csproj", "{910BE600-B382-452A-8E42-F06442DDE062}"
EndProject
Project("{FAE04EC0-301F-11D3-BF4B-00C04F79EFBC}") = "Leads.Services.UnitTests", "Tests\Leads.Services.UnitTests\Leads.Services.UnitTests.csproj", "{21EBBCFF-AA17-42EE-A83A-1853A51A7905}"
EndProject
Project("{FAE04EC0-301F-11D3-BF4B-00C04F79EFBC}") = "Leads.IntegrationTests", "Tests\Leads.IntegrationTests\Leads.IntegrationTests.csproj", "{88C415DE-C3E0-4F3B-B093-7F734AF39CE9}"
EndProject
Global
	GlobalSection(SolutionConfigurationPlatforms) = preSolution
		Debug|Any CPU = Debug|Any CPU
		Release|Any CPU = Release|Any CPU
	EndGlobalSection
	GlobalSection(ProjectConfigurationPlatforms) = postSolution
		{6FCF3DB5-8A2F-43B8-B1CB-AE2E7A211291}.Debug|Any CPU.ActiveCfg = Debug|Any CPU
		{6FCF3DB5-8A2F-43B8-B1CB-AE2E7A211291}.Debug|Any CPU.Build.0 = Debug|Any CPU
		{6FCF3DB5-8A2F-43B8-B1CB-AE2E7A211291}.Release|Any CPU.ActiveCfg = Release|Any CPU
		{6FCF3DB5-8A2F-43B8-B1CB-AE2E7A211291}.Release|Any CPU.Build.0 = Release|Any CPU
		{C2E47F0F-A9E8-4412-9E5D-678BFFCAD254}.Debug|Any CPU.ActiveCfg = Debug|Any CPU
		{C2E47F0F-A9E8-4412-9E5D-678BFFCAD254}.Debug|Any CPU.Build.0 = Debug|Any CPU
		{C2E47F0F-A9E8-4412-9E5D-678BFFCAD254}.Release|Any CPU.ActiveCfg = Release|Any CPU
		{C2E47F0F-A9E8-4412-9E5D-678BFFCAD254}.Release|Any CPU.Build.0 = Release|Any CPU
		{C17B0C04-628C-4C98-8E3E-DB1DF98661EA}.Debug|Any CPU.ActiveCfg = Debug|Any CPU
		{C17B0C04-628C-4C98-8E3E-DB1DF98661EA}.Debug|Any CPU.Build.0 = Debug|Any CPU
		{C17B0C04-628C-4C98-8E3E-DB1DF98661EA}.Release|Any CPU.ActiveCfg = Release|Any CPU
		{C17B0C04-628C-4C98-8E3E-DB1DF98661EA}.Release|Any CPU.Build.0 = Release|Any CPU
		{40895AB4-BEBB-4993-9B76-8CCCA1CA6905}.Debug|Any CPU.ActiveCfg = Debug|Any CPU
		{40895AB4-BEBB-4993-9B76-8CCCA1CA6905}.Debug|Any CPU.Build.0 = Debug|Any CPU
		{40895AB4-BEBB-4993-9B76-8CCCA1CA6905}.Release|Any CPU.ActiveCfg = Release|Any CPU
		{40895AB4-BEBB-4993-9B76-8CCCA1CA6905}.Release|Any CPU.Build.0 = Release|Any CPU
		{0A66BE01-D566-46B9-B784-906E523A7A43}.Debug|Any CPU.ActiveCfg = Debug|Any CPU
		{0A66BE01-D566-46B9-B784-906E523A7A43}.Debug|Any CPU.Build.0 = Debug|Any CPU
		{0A66BE01-D566-46B9-B784-906E523A7A43}.Release|Any CPU.ActiveCfg = Release|Any CPU
		{0A66BE01-D566-46B9-B784-906E523A7A43}.Release|Any CPU.Build.0 = Release|Any CPU
		{91912D46-2A89-46E4-A6BC-4AA8D2789DE7}.Debug|Any CPU.ActiveCfg = Debug|Any CPU
		{91912D46-2A89-46E4-A6BC-4AA8D2789DE7}.Debug|Any CPU.Build.0 = Debug|Any CPU
		{91912D46-2A89-46E4-A6BC-4AA8D2789DE7}.Release|Any CPU.ActiveCfg = Release|Any CPU
		{91912D46-2A89-46E4-A6BC-4AA8D2789DE7}.Release|Any CPU.Build.0 = Release|Any CPU
		{1145D28C-B4A2-4E70-8859-6F225ABB7888}.Debug|Any CPU.ActiveCfg = Debug|Any CPU
		{1145D28C-B4A2-4E70-8859-6F225ABB7888}.Debug|Any CPU.Build.0 = Debug|Any CPU
		{1145D28C-B4A2-4E70-8859-6F225ABB7888}.Release|Any CPU.ActiveCfg = Release|Any CPU
		{1145D28C-B4A2-4E70-8859-6F225ABB7888}.Release|Any CPU.Build.0 = Release|Any CPU
		{910BE600-B382-452A-8E42-F06442DDE062}.Debug|Any CPU.ActiveCfg = Debug|Any CPU
		{910BE600-B382-452A-8E42-F06442DDE062}.Debug|Any CPU.Build.0 = Debug|Any CPU
		{910BE600-B382-452A-8E42-F06442DDE062}.Release|Any CPU.ActiveCfg = Release|Any CPU
		{910BE600-B382-452A-8E42-F06442DDE062}.Release|Any CPU.Build.0 = Release|Any CPU
		{21EBBCFF-AA17-42EE-A83A-1853A51A7905}.Debug|Any CPU.ActiveCfg = Debug|Any CPU
		{21EBBCFF-AA17-42EE-A83A-1853A51A7905}.Debug|Any CPU.Build.0 = Debug|Any CPU
		{21EBBCFF-AA17-42EE-A83A-1853A51A7905}.Release|Any CPU.ActiveCfg = Release|Any CPU
		{21EBBCFF-AA17-42EE-A83A-1853A51A7905}.Release|Any CPU.Build.0 = Release|Any CPU
		{88C415DE-C3E0-4F3B-B093-7F734AF39CE9}.Debug|Any CPU.ActiveCfg = Debug|Any CPU
		{88C415DE-C3E0-4F3B-B093-7F734AF39CE9}.Debug|Any CPU.Build.0 = Debug|Any CPU
		{88C415DE-C3E0-4F3B-B093-7F734AF39CE9}.Release|Any CPU.ActiveCfg = Release|Any CPU
		{88C415DE-C3E0-4F3B-B093-7F734AF39CE9}.Release|Any CPU.Build.0 = Release|Any CPU
	EndGlobalSection
	GlobalSection(SolutionProperties) = preSolution
		HideSolutionNode = FALSE
	EndGlobalSection
	GlobalSection(NestedProjects) = preSolution
		{40895AB4-BEBB-4993-9B76-8CCCA1CA6905} = {47660711-D44C-4730-9BEB-22EE18603DA5}
		{0A66BE01-D566-46B9-B784-906E523A7A43} = {47660711-D44C-4730-9BEB-22EE18603DA5}
		{1145D28C-B4A2-4E70-8859-6F225ABB7888} = {47660711-D44C-4730-9BEB-22EE18603DA5}
		{910BE600-B382-452A-8E42-F06442DDE062} = {9A68243F-1D5A-444C-9154-4B6AF1669161}
		{21EBBCFF-AA17-42EE-A83A-1853A51A7905} = {9A68243F-1D5A-444C-9154-4B6AF1669161}
		{88C415DE-C3E0-4F3B-B093-7F734AF39CE9} = {9A68243F-1D5A-444C-9154-4B6AF1669161}
	EndGlobalSection
	GlobalSection(ExtensibilityGlobals) = postSolution
		SolutionGuid = {8427BE6D-D362-49C3-BB40-E6571CFFFED8}
	EndGlobalSection
EndGlobal
